
Microsoft Visual Studio Solution File, Format Version 12.00
# Visual Studio 2012
Project("{8BC9CEB8-8B4A-11D0-8D11-00A0C91BC942}") = "Alg7_Prim", "Alg7_Prim\Alg7_Prim.vcxproj", "{3B880322-DA96-4D24-8E0C-8825537D4DA0}"
EndProject
Global
	GlobalSection(SolutionConfigurationPlatforms) = preSolution
		Debug|Win32 = Debug|Win32
		Release|Win32 = Release|Win32
	EndGlobalSection
	GlobalSection(ProjectConfigurationPlatforms) = postSolution
		{3B880322-DA96-4D24-8E0C-8825537D4DA0}.Debug|Win32.ActiveCfg = Debug|Win32
		{3B880322-DA96-4D24-8E0C-8825537D4DA0}.Debug|Win32.Build.0 = Debug|Win32
		{3B880322-DA96-4D24-8E0C-8825537D4DA0}.Release|Win32.ActiveCfg = Release|Win32
		{3B880322-DA96-4D24-8E0C-8825537D4DA0}.Release|Win32.Build.0 = Release|Win32
	EndGlobalSection
	GlobalSection(SolutionProperties) = preSolution
		HideSolutionNode = FALSE
	EndGlobalSection
EndGlobal
