
Microsoft Visual Studio Solution File, Format Version 12.00
# Visual Studio 2012
Project("{8BC9CEB8-8B4A-11D0-8D11-00A0C91BC942}") = "Alg5_29", "Alg5_29\Alg5_29.vcxproj", "{79A852FE-1C66-45E9-8501-92B81C5DDF82}"
EndProject
Global
	GlobalSection(SolutionConfigurationPlatforms) = preSolution
		Debug|Win32 = Debug|Win32
		Release|Win32 = Release|Win32
	EndGlobalSection
	GlobalSection(ProjectConfigurationPlatforms) = postSolution
		{79A852FE-1C66-45E9-8501-92B81C5DDF82}.Debug|Win32.ActiveCfg = Debug|Win32
		{79A852FE-1C66-45E9-8501-92B81C5DDF82}.Debug|Win32.Build.0 = Debug|Win32
		{79A852FE-1C66-45E9-8501-92B81C5DDF82}.Release|Win32.ActiveCfg = Release|Win32
		{79A852FE-1C66-45E9-8501-92B81C5DDF82}.Release|Win32.Build.0 = Release|Win32
	EndGlobalSection
	GlobalSection(SolutionProperties) = preSolution
		HideSolutionNode = FALSE
	EndGlobalSection
EndGlobal
